
Microsoft Visual Studio Solution File, Format Version 12.00
# Visual Studio Version 16
VisualStudioVersion = 16.0.31129.286
MinimumVisualStudioVersion = 10.0.40219.1
Project("{FAE04EC0-301F-11D3-BF4B-00C04F79EFBC}") = "MaciejLendzionLab3ZadDom", "MaciejLendzionLab3ZadDom\MaciejLendzionLab3ZadDom.csproj", "{A6881B8A-DB78-4C87-8E8E-13850EEBEBCE}"
EndProject
Global
	GlobalSection(SolutionConfigurationPlatforms) = preSolution
		Debug|Any CPU = Debug|Any CPU
		Release|Any CPU = Release|Any CPU
	EndGlobalSection
	GlobalSection(ProjectConfigurationPlatforms) = postSolution
		{A6881B8A-DB78-4C87-8E8E-13850EEBEBCE}.Debug|Any CPU.ActiveCfg = Debug|Any CPU
		{A6881B8A-DB78-4C87-8E8E-13850EEBEBCE}.Debug|Any CPU.Build.0 = Debug|Any CPU
		{A6881B8A-DB78-4C87-8E8E-13850EEBEBCE}.Release|Any CPU.ActiveCfg = Release|Any CPU
		{A6881B8A-DB78-4C87-8E8E-13850EEBEBCE}.Release|Any CPU.Build.0 = Release|Any CPU
	EndGlobalSection
	GlobalSection(SolutionProperties) = preSolution
		HideSolutionNode = FALSE
	EndGlobalSection
	GlobalSection(ExtensibilityGlobals) = postSolution
		SolutionGuid = {495A845B-1AE7-4821-99E3-BC287E3390E9}
	EndGlobalSection
EndGlobal
